
Microsoft Visual Studio Solution File, Format Version 11.00
# Visual Studio 2010
Project("{FAE04EC0-301F-11D3-BF4B-00C04F79EFBC}") = "Physics2D", "Physics2D\Physics2D\Physics2D.csproj", "{4C4856CE-B38D-4311-B3AF-2CDB2CCDA4F2}"
EndProject
Project("{96E2B04D-8817-42C6-938A-82C39BA4D311}") = "Physics2DContent", "Physics2D\Physics2DContent\Physics2DContent.contentproj", "{892A6104-4C00-4D7D-82C3-D7F72BD397F2}"
EndProject
Global
	GlobalSection(SolutionConfigurationPlatforms) = preSolution
		Debug|x86 = Debug|x86
		Release|x86 = Release|x86
	EndGlobalSection
	GlobalSection(ProjectConfigurationPlatforms) = postSolution
		{4C4856CE-B38D-4311-B3AF-2CDB2CCDA4F2}.Debug|x86.ActiveCfg = Debug|x86
		{4C4856CE-B38D-4311-B3AF-2CDB2CCDA4F2}.Debug|x86.Build.0 = Debug|x86
		{4C4856CE-B38D-4311-B3AF-2CDB2CCDA4F2}.Release|x86.ActiveCfg = Release|x86
		{4C4856CE-B38D-4311-B3AF-2CDB2CCDA4F2}.Release|x86.Build.0 = Release|x86
		{892A6104-4C00-4D7D-82C3-D7F72BD397F2}.Debug|x86.ActiveCfg = Debug|x86
		{892A6104-4C00-4D7D-82C3-D7F72BD397F2}.Release|x86.ActiveCfg = Release|x86
	EndGlobalSection
	GlobalSection(SolutionProperties) = preSolution
		HideSolutionNode = FALSE
	EndGlobalSection
EndGlobal
